dependencies:
- name: influxdb
  repository: https://helm.influxdata.com
  version: 4.10.0
- name: grafana
  repository: https://grafana.github.io/helm-charts
  version: 6.17.6
digest: sha256:4474eee2dbaa4901fc46e73d2b91477887150fb8b0cd32e021515f8e8d308355
generated: "2021-11-17T17:31:46.733722+01:00"
